
Microsoft Visual Studio Solution File, Format Version 12.00
# Visual Studio Version 17
VisualStudioVersion = 17.0.31903.59
MinimumVisualStudioVersion = 10.0.40219.1
Project("{FAE04EC0-301F-11D3-BF4B-00C04F79EFBC}") = "Domain", "Domain\Domain.csproj", "{B6C71F90-198D-42A1-909F-5B81B557ABDC}"
EndProject
Project("{FAE04EC0-301F-11D3-BF4B-00C04F79EFBC}") = "Application", "Application\Application.csproj", "{A079A478-3B6A-488E-839C-DA02ECD2AE54}"
EndProject
Project("{FAE04EC0-301F-11D3-BF4B-00C04F79EFBC}") = "Persistence", "Persistence\Persistence.csproj", "{C364CB6F-68A7-4C10-9470-55624A32A1D9}"
EndProject
Project("{FAE04EC0-301F-11D3-BF4B-00C04F79EFBC}") = "API", "API\API.csproj", "{9885F14D-006C-43D6-BCF6-3E83E7EE29B9}"
EndProject
Global
	GlobalSection(SolutionConfigurationPlatforms) = preSolution
		Debug|Any CPU = Debug|Any CPU
		Debug|x64 = Debug|x64
		Debug|x86 = Debug|x86
		Release|Any CPU = Release|Any CPU
		Release|x64 = Release|x64
		Release|x86 = Release|x86
	EndGlobalSection
	GlobalSection(ProjectConfigurationPlatforms) = postSolution
		{B6C71F90-198D-42A1-909F-5B81B557ABDC}.Debug|Any CPU.ActiveCfg = Debug|Any CPU
		{B6C71F90-198D-42A1-909F-5B81B557ABDC}.Debug|Any CPU.Build.0 = Debug|Any CPU
		{B6C71F90-198D-42A1-909F-5B81B557ABDC}.Debug|x64.ActiveCfg = Debug|Any CPU
		{B6C71F90-198D-42A1-909F-5B81B557ABDC}.Debug|x64.Build.0 = Debug|Any CPU
		{B6C71F90-198D-42A1-909F-5B81B557ABDC}.Debug|x86.ActiveCfg = Debug|Any CPU
		{B6C71F90-198D-42A1-909F-5B81B557ABDC}.Debug|x86.Build.0 = Debug|Any CPU
		{B6C71F90-198D-42A1-909F-5B81B557ABDC}.Release|Any CPU.ActiveCfg = Release|Any CPU
		{B6C71F90-198D-42A1-909F-5B81B557ABDC}.Release|Any CPU.Build.0 = Release|Any CPU
		{B6C71F90-198D-42A1-909F-5B81B557ABDC}.Release|x64.ActiveCfg = Release|Any CPU
		{B6C71F90-198D-42A1-909F-5B81B557ABDC}.Release|x64.Build.0 = Release|Any CPU
		{B6C71F90-198D-42A1-909F-5B81B557ABDC}.Release|x86.ActiveCfg = Release|Any CPU
		{B6C71F90-198D-42A1-909F-5B81B557ABDC}.Release|x86.Build.0 = Release|Any CPU
		{A079A478-3B6A-488E-839C-DA02ECD2AE54}.Debug|Any CPU.ActiveCfg = Debug|Any CPU
		{A079A478-3B6A-488E-839C-DA02ECD2AE54}.Debug|Any CPU.Build.0 = Debug|Any CPU
		{A079A478-3B6A-488E-839C-DA02ECD2AE54}.Debug|x64.ActiveCfg = Debug|Any CPU
		{A079A478-3B6A-488E-839C-DA02ECD2AE54}.Debug|x64.Build.0 = Debug|Any CPU
		{A079A478-3B6A-488E-839C-DA02ECD2AE54}.Debug|x86.ActiveCfg = Debug|Any CPU
		{A079A478-3B6A-488E-839C-DA02ECD2AE54}.Debug|x86.Build.0 = Debug|Any CPU
		{A079A478-3B6A-488E-839C-DA02ECD2AE54}.Release|Any CPU.ActiveCfg = Release|Any CPU
		{A079A478-3B6A-488E-839C-DA02ECD2AE54}.Release|Any CPU.Build.0 = Release|Any CPU
		{A079A478-3B6A-488E-839C-DA02ECD2AE54}.Release|x64.ActiveCfg = Release|Any CPU
		{A079A478-3B6A-488E-839C-DA02ECD2AE54}.Release|x64.Build.0 = Release|Any CPU
		{A079A478-3B6A-488E-839C-DA02ECD2AE54}.Release|x86.ActiveCfg = Release|Any CPU
		{A079A478-3B6A-488E-839C-DA02ECD2AE54}.Release|x86.Build.0 = Release|Any CPU
		{C364CB6F-68A7-4C10-9470-55624A32A1D9}.Debug|Any CPU.ActiveCfg = Debug|Any CPU
		{C364CB6F-68A7-4C10-9470-55624A32A1D9}.Debug|Any CPU.Build.0 = Debug|Any CPU
		{C364CB6F-68A7-4C10-9470-55624A32A1D9}.Debug|x64.ActiveCfg = Debug|Any CPU
		{C364CB6F-68A7-4C10-9470-55624A32A1D9}.Debug|x64.Build.0 = Debug|Any CPU
		{C364CB6F-68A7-4C10-9470-55624A32A1D9}.Debug|x86.ActiveCfg = Debug|Any CPU
		{C364CB6F-68A7-4C10-9470-55624A32A1D9}.Debug|x86.Build.0 = Debug|Any CPU
		{C364CB6F-68A7-4C10-9470-55624A32A1D9}.Release|Any CPU.ActiveCfg = Release|Any CPU
		{C364CB6F-68A7-4C10-9470-55624A32A1D9}.Release|Any CPU.Build.0 = Release|Any CPU
		{C364CB6F-68A7-4C10-9470-55624A32A1D9}.Release|x64.ActiveCfg = Release|Any CPU
		{C364CB6F-68A7-4C10-9470-55624A32A1D9}.Release|x64.Build.0 = Release|Any CPU
		{C364CB6F-68A7-4C10-9470-55624A32A1D9}.Release|x86.ActiveCfg = Release|Any CPU
		{C364CB6F-68A7-4C10-9470-55624A32A1D9}.Release|x86.Build.0 = Release|Any CPU
		{9885F14D-006C-43D6-BCF6-3E83E7EE29B9}.Debug|Any CPU.ActiveCfg = Debug|Any CPU
		{9885F14D-006C-43D6-BCF6-3E83E7EE29B9}.Debug|Any CPU.Build.0 = Debug|Any CPU
		{9885F14D-006C-43D6-BCF6-3E83E7EE29B9}.Debug|x64.ActiveCfg = Debug|Any CPU
		{9885F14D-006C-43D6-BCF6-3E83E7EE29B9}.Debug|x64.Build.0 = Debug|Any CPU
		{9885F14D-006C-43D6-BCF6-3E83E7EE29B9}.Debug|x86.ActiveCfg = Debug|Any CPU
		{9885F14D-006C-43D6-BCF6-3E83E7EE29B9}.Debug|x86.Build.0 = Debug|Any CPU
		{9885F14D-006C-43D6-BCF6-3E83E7EE29B9}.Release|Any CPU.ActiveCfg = Release|Any CPU
		{9885F14D-006C-43D6-BCF6-3E83E7EE29B9}.Release|Any CPU.Build.0 = Release|Any CPU
		{9885F14D-006C-43D6-BCF6-3E83E7EE29B9}.Release|x64.ActiveCfg = Release|Any CPU
		{9885F14D-006C-43D6-BCF6-3E83E7EE29B9}.Release|x64.Build.0 = Release|Any CPU
		{9885F14D-006C-43D6-BCF6-3E83E7EE29B9}.Release|x86.ActiveCfg = Release|Any CPU
		{9885F14D-006C-43D6-BCF6-3E83E7EE29B9}.Release|x86.Build.0 = Release|Any CPU
	EndGlobalSection
	GlobalSection(SolutionProperties) = preSolution
		HideSolutionNode = FALSE
	EndGlobalSection
EndGlobal
